dependencies:
  espressif/esp_ot_cli_extension:
    component_hash: 471c8b346cbdefde32bde48c68333ab6b3f8eb07db81afe3f16c0915012c65f0
    dependencies:
    - name: idf
      require: private
      version: '>=5.0'
    source:
      registry_url: https://components.espressif.com/
      type: service
    version: 0.4.7
  espressif/led_strip:
    component_hash: 28621486f77229aaf81c71f5e15d6fbf36c2949cf11094e07090593e659e7639
    dependencies:
    - name: idf
      require: private
      version: '>=5.0'
    source:
      registry_url: https://components.espressif.com/
      type: service
    version: 3.0.3
  idf:
    source:
      type: idf
    version: 5.2.0
  iperf:
    dependencies: []
    source:
      path: /Users/admin/esp/esp-idf/examples/common_components/iperf
      type: local
    version: '*'
direct_dependencies:
- espressif/esp_ot_cli_extension
- espressif/led_strip
- idf
- iperf
manifest_hash: 190b9d70da27ea7986527f3b6e6132f59be3538c277f5b48e30bebf9d5c0d613
target: esp32h2
version: 2.0.0
